
Microsoft Visual Studio Solution File, Format Version 12.00
Project("{2150E333-8FDC-42A3-9474-1A3956D46DE8}") = "src", "src", "{3B5C2DFB-9ED1-4BBE-B713-077F2D56AE72}"
EndProject
Project("{2150E333-8FDC-42A3-9474-1A3956D46DE8}") = "Modules", "Modules", "{F026D5A3-ECE2-4483-8542-18C606D38595}"
EndProject
Project("{2150E333-8FDC-42A3-9474-1A3956D46DE8}") = "Bootstrapper", "Bootstrapper", "{2A8ABD28-ADB0-4EF2-8A4F-E615CE558569}"
EndProject
Project("{2150E333-8FDC-42A3-9474-1A3956D46DE8}") = "Shared", "Shared", "{C9FCBA48-B005-49C0-A728-599E7855C97C}"
EndProject
Project("{FAE04EC0-301F-11D3-BF4B-00C04F79EFBC}") = "SpendWise.Bootstrapper", "src\Bootstrapper\SpendWise.Bootstrapper\SpendWise.Bootstrapper.csproj", "{AE1DB63A-2A87-4166-BF13-74F071F153D9}"
EndProject
Project("{FAE04EC0-301F-11D3-BF4B-00C04F79EFBC}") = "SpendWise.Shared.Abstraction", "src\Shared\SpendWise.Shared.Abstraction\SpendWise.Shared.Abstraction.csproj", "{06A557C6-E1F5-48FE-903E-777B5EC80A81}"
EndProject
Project("{FAE04EC0-301F-11D3-BF4B-00C04F79EFBC}") = "SpendWise.Shared.Infrastructure", "src\Shared\SpendWise.Shared.Infrastructure\SpendWise.Shared.Infrastructure.csproj", "{C9044087-2933-425A-BA40-65BD8C2E6A0F}"
EndProject
Project("{2150E333-8FDC-42A3-9474-1A3956D46DE8}") = "Users", "Users", "{89934412-1EFD-4094-A0B2-4BD06E04C19F}"
EndProject
Project("{FAE04EC0-301F-11D3-BF4B-00C04F79EFBC}") = "SpendWise.Modules.Users.API", "src\Modules\Users\SpendWise.Modules.Users.API\SpendWise.Modules.Users.API.csproj", "{0D4FC83D-8CC1-4977-99C7-2BC3165F5695}"
EndProject
Project("{FAE04EC0-301F-11D3-BF4B-00C04F79EFBC}") = "SpendWise.Modules.Users.Core", "src\Modules\Users\SpendWise.Modules.Users.Core\SpendWise.Modules.Users.Core.csproj", "{1CF6AACC-B5E8-40BD-8CDA-ACC9972437BD}"
EndProject
Project("{2150E333-8FDC-42A3-9474-1A3956D46DE8}") = "Customers", "Customers", "{FDFBA67C-C96E-4046-A609-1D575F3C0C74}"
EndProject
Project("{FAE04EC0-301F-11D3-BF4B-00C04F79EFBC}") = "SpendWise.Modules.Customers.API", "src\Modules\Customers\SpendWise.Modules.Customers.API\SpendWise.Modules.Customers.API.csproj", "{1D38A38F-BE2E-4743-8CAD-A0CBC118D4A3}"
EndProject
Project("{FAE04EC0-301F-11D3-BF4B-00C04F79EFBC}") = "SpendWise.Modules.Customers.Core", "src\Modules\Customers\SpendWise.Modules.Customers.Core\SpendWise.Modules.Customers.Core.csproj", "{507772D4-62DA-4D19-BE8C-1947D0E82990}"
EndProject
Project("{2150E333-8FDC-42A3-9474-1A3956D46DE8}") = "Expenses", "Expenses", "{238BD89B-633E-4C8B-8A41-2C058EE00F34}"
EndProject
Project("{FAE04EC0-301F-11D3-BF4B-00C04F79EFBC}") = "SpendWise.Modules.Expenses.API", "src\Modules\Expenses\SpendWise.Modules.Expenses.API\SpendWise.Modules.Expenses.API.csproj", "{767E4E3D-9AC5-4160-B0F6-27737E8EBB2E}"
EndProject
Project("{FAE04EC0-301F-11D3-BF4B-00C04F79EFBC}") = "SpendWise.Modules.Expenses.Core", "src\Modules\Expenses\SpendWise.Modules.Expenses.Core\SpendWise.Modules.Expenses.Core.csproj", "{0F1C0752-F537-4030-82BD-42C6FC33EE83}"
EndProject
Project("{FAE04EC0-301F-11D3-BF4B-00C04F79EFBC}") = "SpendWise.Modules.Expenses.Application", "src\Modules\Expenses\SpendWise.Modules.Expenses.Application\SpendWise.Modules.Expenses.Application.csproj", "{764F1FD8-FCD6-4F78-AEA3-EBE52739F45E}"
EndProject
Project("{FAE04EC0-301F-11D3-BF4B-00C04F79EFBC}") = "SpendWise.Modules.Expenses.Infrastructure", "src\Modules\Expenses\SpendWise.Modules.Expenses.Infrastructure\SpendWise.Modules.Expenses.Infrastructure.csproj", "{45122B39-4960-446C-9772-851C97716BE5}"
EndProject
Global
	GlobalSection(SolutionConfigurationPlatforms) = preSolution
		Debug|Any CPU = Debug|Any CPU
		Release|Any CPU = Release|Any CPU
	EndGlobalSection
	GlobalSection(NestedProjects) = preSolution
		{F026D5A3-ECE2-4483-8542-18C606D38595} = {3B5C2DFB-9ED1-4BBE-B713-077F2D56AE72}
		{2A8ABD28-ADB0-4EF2-8A4F-E615CE558569} = {3B5C2DFB-9ED1-4BBE-B713-077F2D56AE72}
		{C9FCBA48-B005-49C0-A728-599E7855C97C} = {3B5C2DFB-9ED1-4BBE-B713-077F2D56AE72}
		{AE1DB63A-2A87-4166-BF13-74F071F153D9} = {2A8ABD28-ADB0-4EF2-8A4F-E615CE558569}
		{06A557C6-E1F5-48FE-903E-777B5EC80A81} = {C9FCBA48-B005-49C0-A728-599E7855C97C}
		{C9044087-2933-425A-BA40-65BD8C2E6A0F} = {C9FCBA48-B005-49C0-A728-599E7855C97C}
		{89934412-1EFD-4094-A0B2-4BD06E04C19F} = {F026D5A3-ECE2-4483-8542-18C606D38595}
		{0D4FC83D-8CC1-4977-99C7-2BC3165F5695} = {89934412-1EFD-4094-A0B2-4BD06E04C19F}
		{1CF6AACC-B5E8-40BD-8CDA-ACC9972437BD} = {89934412-1EFD-4094-A0B2-4BD06E04C19F}
		{FDFBA67C-C96E-4046-A609-1D575F3C0C74} = {F026D5A3-ECE2-4483-8542-18C606D38595}
		{1D38A38F-BE2E-4743-8CAD-A0CBC118D4A3} = {FDFBA67C-C96E-4046-A609-1D575F3C0C74}
		{507772D4-62DA-4D19-BE8C-1947D0E82990} = {FDFBA67C-C96E-4046-A609-1D575F3C0C74}
		{238BD89B-633E-4C8B-8A41-2C058EE00F34} = {F026D5A3-ECE2-4483-8542-18C606D38595}
		{767E4E3D-9AC5-4160-B0F6-27737E8EBB2E} = {238BD89B-633E-4C8B-8A41-2C058EE00F34}
		{0F1C0752-F537-4030-82BD-42C6FC33EE83} = {238BD89B-633E-4C8B-8A41-2C058EE00F34}
		{764F1FD8-FCD6-4F78-AEA3-EBE52739F45E} = {238BD89B-633E-4C8B-8A41-2C058EE00F34}
		{45122B39-4960-446C-9772-851C97716BE5} = {238BD89B-633E-4C8B-8A41-2C058EE00F34}
	EndGlobalSection
	GlobalSection(ProjectConfigurationPlatforms) = postSolution
		{AE1DB63A-2A87-4166-BF13-74F071F153D9}.Debug|Any CPU.ActiveCfg = Debug|Any CPU
		{AE1DB63A-2A87-4166-BF13-74F071F153D9}.Debug|Any CPU.Build.0 = Debug|Any CPU
		{AE1DB63A-2A87-4166-BF13-74F071F153D9}.Release|Any CPU.ActiveCfg = Release|Any CPU
		{AE1DB63A-2A87-4166-BF13-74F071F153D9}.Release|Any CPU.Build.0 = Release|Any CPU
		{06A557C6-E1F5-48FE-903E-777B5EC80A81}.Debug|Any CPU.ActiveCfg = Debug|Any CPU
		{06A557C6-E1F5-48FE-903E-777B5EC80A81}.Debug|Any CPU.Build.0 = Debug|Any CPU
		{06A557C6-E1F5-48FE-903E-777B5EC80A81}.Release|Any CPU.ActiveCfg = Release|Any CPU
		{06A557C6-E1F5-48FE-903E-777B5EC80A81}.Release|Any CPU.Build.0 = Release|Any CPU
		{C9044087-2933-425A-BA40-65BD8C2E6A0F}.Debug|Any CPU.ActiveCfg = Debug|Any CPU
		{C9044087-2933-425A-BA40-65BD8C2E6A0F}.Debug|Any CPU.Build.0 = Debug|Any CPU
		{C9044087-2933-425A-BA40-65BD8C2E6A0F}.Release|Any CPU.ActiveCfg = Release|Any CPU
		{C9044087-2933-425A-BA40-65BD8C2E6A0F}.Release|Any CPU.Build.0 = Release|Any CPU
		{0D4FC83D-8CC1-4977-99C7-2BC3165F5695}.Debug|Any CPU.ActiveCfg = Debug|Any CPU
		{0D4FC83D-8CC1-4977-99C7-2BC3165F5695}.Debug|Any CPU.Build.0 = Debug|Any CPU
		{0D4FC83D-8CC1-4977-99C7-2BC3165F5695}.Release|Any CPU.ActiveCfg = Release|Any CPU
		{0D4FC83D-8CC1-4977-99C7-2BC3165F5695}.Release|Any CPU.Build.0 = Release|Any CPU
		{1CF6AACC-B5E8-40BD-8CDA-ACC9972437BD}.Debug|Any CPU.ActiveCfg = Debug|Any CPU
		{1CF6AACC-B5E8-40BD-8CDA-ACC9972437BD}.Debug|Any CPU.Build.0 = Debug|Any CPU
		{1CF6AACC-B5E8-40BD-8CDA-ACC9972437BD}.Release|Any CPU.ActiveCfg = Release|Any CPU
		{1CF6AACC-B5E8-40BD-8CDA-ACC9972437BD}.Release|Any CPU.Build.0 = Release|Any CPU
		{1D38A38F-BE2E-4743-8CAD-A0CBC118D4A3}.Debug|Any CPU.ActiveCfg = Debug|Any CPU
		{1D38A38F-BE2E-4743-8CAD-A0CBC118D4A3}.Debug|Any CPU.Build.0 = Debug|Any CPU
		{1D38A38F-BE2E-4743-8CAD-A0CBC118D4A3}.Release|Any CPU.ActiveCfg = Release|Any CPU
		{1D38A38F-BE2E-4743-8CAD-A0CBC118D4A3}.Release|Any CPU.Build.0 = Release|Any CPU
		{507772D4-62DA-4D19-BE8C-1947D0E82990}.Debug|Any CPU.ActiveCfg = Debug|Any CPU
		{507772D4-62DA-4D19-BE8C-1947D0E82990}.Debug|Any CPU.Build.0 = Debug|Any CPU
		{507772D4-62DA-4D19-BE8C-1947D0E82990}.Release|Any CPU.ActiveCfg = Release|Any CPU
		{507772D4-62DA-4D19-BE8C-1947D0E82990}.Release|Any CPU.Build.0 = Release|Any CPU
		{767E4E3D-9AC5-4160-B0F6-27737E8EBB2E}.Debug|Any CPU.ActiveCfg = Debug|Any CPU
		{767E4E3D-9AC5-4160-B0F6-27737E8EBB2E}.Debug|Any CPU.Build.0 = Debug|Any CPU
		{767E4E3D-9AC5-4160-B0F6-27737E8EBB2E}.Release|Any CPU.ActiveCfg = Release|Any CPU
		{767E4E3D-9AC5-4160-B0F6-27737E8EBB2E}.Release|Any CPU.Build.0 = Release|Any CPU
		{0F1C0752-F537-4030-82BD-42C6FC33EE83}.Debug|Any CPU.ActiveCfg = Debug|Any CPU
		{0F1C0752-F537-4030-82BD-42C6FC33EE83}.Debug|Any CPU.Build.0 = Debug|Any CPU
		{0F1C0752-F537-4030-82BD-42C6FC33EE83}.Release|Any CPU.ActiveCfg = Release|Any CPU
		{0F1C0752-F537-4030-82BD-42C6FC33EE83}.Release|Any CPU.Build.0 = Release|Any CPU
		{764F1FD8-FCD6-4F78-AEA3-EBE52739F45E}.Debug|Any CPU.ActiveCfg = Debug|Any CPU
		{764F1FD8-FCD6-4F78-AEA3-EBE52739F45E}.Debug|Any CPU.Build.0 = Debug|Any CPU
		{764F1FD8-FCD6-4F78-AEA3-EBE52739F45E}.Release|Any CPU.ActiveCfg = Release|Any CPU
		{764F1FD8-FCD6-4F78-AEA3-EBE52739F45E}.Release|Any CPU.Build.0 = Release|Any CPU
		{45122B39-4960-446C-9772-851C97716BE5}.Debug|Any CPU.ActiveCfg = Debug|Any CPU
		{45122B39-4960-446C-9772-851C97716BE5}.Debug|Any CPU.Build.0 = Debug|Any CPU
		{45122B39-4960-446C-9772-851C97716BE5}.Release|Any CPU.ActiveCfg = Release|Any CPU
		{45122B39-4960-446C-9772-851C97716BE5}.Release|Any CPU.Build.0 = Release|Any CPU
	EndGlobalSection
EndGlobal
